
Microsoft Visual Studio Solution File, Format Version 12.00
# Visual Studio Version 17
VisualStudioVersion = 17.9.34902.65
MinimumVisualStudioVersion = 10.0.40219.1
Project("{8BC9CEB8-8B4A-11D0-8D11-00A0C91BC942}") = "CopyNovel", "CopyNovel\CopyNovel.vcxproj", "{F6BB64BB-2DA0-44A0-A433-D9A859DA53AC}"
EndProject
Global
	GlobalSection(SolutionConfigurationPlatforms) = preSolution
		Debug|x64 = Debug|x64
		Debug|x86 = Debug|x86
		Release|x64 = Release|x64
		Release|x86 = Release|x86
	EndGlobalSection
	GlobalSection(ProjectConfigurationPlatforms) = postSolution
		{F6BB64BB-2DA0-44A0-A433-D9A859DA53AC}.Debug|x64.ActiveCfg = Debug|x64
		{F6BB64BB-2DA0-44A0-A433-D9A859DA53AC}.Debug|x64.Build.0 = Debug|x64
		{F6BB64BB-2DA0-44A0-A433-D9A859DA53AC}.Debug|x86.ActiveCfg = Debug|Win32
		{F6BB64BB-2DA0-44A0-A433-D9A859DA53AC}.Debug|x86.Build.0 = Debug|Win32
		{F6BB64BB-2DA0-44A0-A433-D9A859DA53AC}.Release|x64.ActiveCfg = Release|x64
		{F6BB64BB-2DA0-44A0-A433-D9A859DA53AC}.Release|x64.Build.0 = Release|x64
		{F6BB64BB-2DA0-44A0-A433-D9A859DA53AC}.Release|x86.ActiveCfg = Release|Win32
		{F6BB64BB-2DA0-44A0-A433-D9A859DA53AC}.Release|x86.Build.0 = Release|Win32
	EndGlobalSection
	GlobalSection(SolutionProperties) = preSolution
		HideSolutionNode = FALSE
	EndGlobalSection
	GlobalSection(ExtensibilityGlobals) = postSolution
		SolutionGuid = {E94E0E72-4DE2-4169-8B24-1B47EEFF5021}
	EndGlobalSection
EndGlobal
